// !$*UTF8*$!
{
	archiveVersion = 1;
	classes = {
	};
	objectVersion = 56;
	objects = {

/* Begin PBXBuildFile section */
		841F7FC72943E8B600B4BE4B /* ResultsViewController.swift in Sources */ = {isa = PBXBuildFile; fileRef = 841F7FC62943E8B600B4BE4B /* ResultsViewController.swift */; };
		841F7FC92943E8C400B4BE4B /* DetailsViewController.swift in Sources */ = {isa = PBXBuildFile; fileRef = 841F7FC82943E8C400B4BE4B /* DetailsViewController.swift */; };
		841F7FCF2943F60600B4BE4B /* APICallerExt.swift in Sources */ = {isa = PBXBuildFile; fileRef = 841F7FCE2943F60600B4BE4B /* APICallerExt.swift */; };
		841F7FD329442AFE00B4BE4B /* ResultsTableViewCell.swift in Sources */ = {isa = PBXBuildFile; fileRef = 841F7FD229442AFE00B4BE4B /* ResultsTableViewCell.swift */; };
		841F7FD8294430E600B4BE4B /* SDWebImage in Frameworks */ = {isa = PBXBuildFile; productRef = 841F7FD7294430E600B4BE4B /* SDWebImage */; };
		841F7FDA294430E600B4BE4B /* SDWebImageMapKit in Frameworks */ = {isa = PBXBuildFile; productRef = 841F7FD9294430E600B4BE4B /* SDWebImageMapKit */; };
		841F7FDE2945637000B4BE4B /* DetailsHeaderView.swift in Sources */ = {isa = PBXBuildFile; fileRef = 841F7FDD2945637000B4BE4B /* DetailsHeaderView.swift */; };
		841F7FE02945690700B4BE4B /* DetailsTableViewCell.swift in Sources */ = {isa = PBXBuildFile; fileRef = 841F7FDF2945690700B4BE4B /* DetailsTableViewCell.swift */; };
		84DBD61E2942960800AB1229 /* AppDelegate.swift in Sources */ = {isa = PBXBuildFile; fileRef = 84DBD61D2942960800AB1229 /* AppDelegate.swift */; };
		84DBD6202942960800AB1229 /* SceneDelegate.swift in Sources */ = {isa = PBXBuildFile; fileRef = 84DBD61F2942960800AB1229 /* SceneDelegate.swift */; };
		84DBD6222942960800AB1229 /* MainViewController.swift in Sources */ = {isa = PBXBuildFile; fileRef = 84DBD6212942960800AB1229 /* MainViewController.swift */; };
		84DBD6282942960900AB1229 /* SimpleiOSApp.xcdatamodeld in Sources */ = {isa = PBXBuildFile; fileRef = 84DBD6262942960900AB1229 /* SimpleiOSApp.xcdatamodeld */; };
		84DBD62A2942960A00AB1229 /* Assets.xcassets in Resources */ = {isa = PBXBuildFile; fileRef = 84DBD6292942960A00AB1229 /* Assets.xcassets */; };
		84DBD62D2942960A00AB1229 /* LaunchScreen.storyboard in Resources */ = {isa = PBXBuildFile; fileRef = 84DBD62B2942960A00AB1229 /* LaunchScreen.storyboard */; };
		84DBD63B294299CF00AB1229 /* APICaller.swift in Sources */ = {isa = PBXBuildFile; fileRef = 84DBD63A294299CF00AB1229 /* APICaller.swift */; };
		84DBD63D29429D6C00AB1229 /* Constants.swift in Sources */ = {isa = PBXBuildFile; fileRef = 84DBD63C29429D6C00AB1229 /* Constants.swift */; };
		84DBD64329431A7100AB1229 /* SearchResults.swift in Sources */ = {isa = PBXBuildFile; fileRef = 84DBD64229431A7100AB1229 /* SearchResults.swift */; };
		84DBD64929434C2300AB1229 /* UIViewControllerExt.swift in Sources */ = {isa = PBXBuildFile; fileRef = 84DBD64829434C2300AB1229 /* UIViewControllerExt.swift */; };
/* End PBXBuildFile section */

/* Begin PBXFileReference section */
		841F7FC62943E8B600B4BE4B /* ResultsViewController.swift */ = {isa = PBXFileReference; lastKnownFileType = sourcecode.swift; path = ResultsViewController.swift; sourceTree = "<group>"; };
		841F7FC82943E8C400B4BE4B /* DetailsViewController.swift */ = {isa = PBXFileReference; lastKnownFileType = sourcecode.swift; path = DetailsViewController.swift; sourceTree = "<group>"; };
		841F7FCE2943F60600B4BE4B /* APICallerExt.swift */ = {isa = PBXFileReference; lastKnownFileType = sourcecode.swift; path = APICallerExt.swift; sourceTree = "<group>"; };
		841F7FD229442AFE00B4BE4B /* ResultsTableViewCell.swift */ = {isa = PBXFileReference; lastKnownFileType = sourcecode.swift; path = ResultsTableViewCell.swift; sourceTree = "<group>"; };
		841F7FDD2945637000B4BE4B /* DetailsHeaderView.swift */ = {isa = PBXFileReference; lastKnownFileType = sourcecode.swift; path = DetailsHeaderView.swift; sourceTree = "<group>"; };
		841F7FDF2945690700B4BE4B /* DetailsTableViewCell.swift */ = {isa = PBXFileReference; lastKnownFileType = sourcecode.swift; path = DetailsTableViewCell.swift; sourceTree = "<group>"; };
		84DBD61A2942960800AB1229 /* SimpleiOSApp.app */ = {isa = PBXFileReference; explicitFileType = wrapper.application; includeInIndex = 0; path = SimpleiOSApp.app; sourceTree = BUILT_PRODUCTS_DIR; };
		84DBD61D2942960800AB1229 /* AppDelegate.swift */ = {isa = PBXFileReference; lastKnownFileType = sourcecode.swift; path = AppDelegate.swift; sourceTree = "<group>"; };
		84DBD61F2942960800AB1229 /* SceneDelegate.swift */ = {isa = PBXFileReference; lastKnownFileType = sourcecode.swift; path = SceneDelegate.swift; sourceTree = "<group>"; };
		84DBD6212942960800AB1229 /* MainViewController.swift */ = {isa = PBXFileReference; lastKnownFileType = sourcecode.swift; path = MainViewController.swift; sourceTree = "<group>"; };
		84DBD6272942960900AB1229 /* SimpleiOSApp.xcdatamodel */ = {isa = PBXFileReference; lastKnownFileType = wrapper.xcdatamodel; path = SimpleiOSApp.xcdatamodel; sourceTree = "<group>"; };
		84DBD6292942960A00AB1229 /* Assets.xcassets */ = {isa = PBXFileReference; lastKnownFileType = folder.assetcatalog; path = Assets.xcassets; sourceTree = "<group>"; };
		84DBD62C2942960A00AB1229 /* Base */ = {isa = PBXFileReference; lastKnownFileType = file.storyboard; name = Base; path = Base.lproj/LaunchScreen.storyboard; sourceTree = "<group>"; };
		84DBD62E2942960A00AB1229 /* Info.plist */ = {isa = PBXFileReference; lastKnownFileType = text.plist.xml; path = Info.plist; sourceTree = "<group>"; };
		84DBD63A294299CF00AB1229 /* APICaller.swift */ = {isa = PBXFileReference; lastKnownFileType = sourcecode.swift; path = APICaller.swift; sourceTree = "<group>"; };
		84DBD63C29429D6C00AB1229 /* Constants.swift */ = {isa = PBXFileReference; lastKnownFileType = sourcecode.swift; path = Constants.swift; sourceTree = "<group>"; };
		84DBD64229431A7100AB1229 /* SearchResults.swift */ = {isa = PBXFileReference; lastKnownFileType = sourcecode.swift; path = SearchResults.swift; sourceTree = "<group>"; };
		84DBD64829434C2300AB1229 /* UIViewControllerExt.swift */ = {isa = PBXFileReference; lastKnownFileType = sourcecode.swift; path = UIViewControllerExt.swift; sourceTree = "<group>"; };
/* End PBXFileReference section */

/* Begin PBXFrameworksBuildPhase section */
		84DBD6172942960800AB1229 /* Frameworks */ = {
			isa = PBXFrameworksBuildPhase;
			buildActionMask = 2147483647;
			files = (
				841F7FDA294430E600B4BE4B /* SDWebImageMapKit in Frameworks */,
				841F7FD8294430E600B4BE4B /* SDWebImage in Frameworks */,
			);
			runOnlyForDeploymentPostprocessing = 0;
		};
/* End PBXFrameworksBuildPhase section */

/* Begin PBXGroup section */
		84DBD6112942960800AB1229 = {
			isa = PBXGroup;
			children = (
				84DBD61C2942960800AB1229 /* SimpleiOSApp */,
				84DBD61B2942960800AB1229 /* Products */,
			);
			sourceTree = "<group>";
		};
		84DBD61B2942960800AB1229 /* Products */ = {
			isa = PBXGroup;
			children = (
				84DBD61A2942960800AB1229 /* SimpleiOSApp.app */,
			);
			name = Products;
			sourceTree = "<group>";
		};
		84DBD61C2942960800AB1229 /* SimpleiOSApp */ = {
			isa = PBXGroup;
			children = (
				84DBD64729434BF800AB1229 /* Extensions */,
				84DBD6392942997000AB1229 /* Resources */,
				84DBD6382942994400AB1229 /* Managers */,
				84DBD6372942963800AB1229 /* Models */,
				84DBD6362942962F00AB1229 /* Views */,
				84DBD6342942961300AB1229 /* Controllers */,
				84DBD61D2942960800AB1229 /* AppDelegate.swift */,
				84DBD61F2942960800AB1229 /* SceneDelegate.swift */,
				84DBD6292942960A00AB1229 /* Assets.xcassets */,
				84DBD62B2942960A00AB1229 /* LaunchScreen.storyboard */,
				84DBD62E2942960A00AB1229 /* Info.plist */,
				84DBD6262942960900AB1229 /* SimpleiOSApp.xcdatamodeld */,
			);
			path = SimpleiOSApp;
			sourceTree = "<group>";
		};
		84DBD6342942961300AB1229 /* Controllers */ = {
			isa = PBXGroup;
			children = (
				84DBD6212942960800AB1229 /* MainViewController.swift */,
				841F7FC62943E8B600B4BE4B /* ResultsViewController.swift */,
				841F7FC82943E8C400B4BE4B /* DetailsViewController.swift */,
			);
			path = Controllers;
			sourceTree = "<group>";
		};
		84DBD6362942962F00AB1229 /* Views */ = {
			isa = PBXGroup;
			children = (
				841F7FD229442AFE00B4BE4B /* ResultsTableViewCell.swift */,
				841F7FDD2945637000B4BE4B /* DetailsHeaderView.swift */,
				841F7FDF2945690700B4BE4B /* DetailsTableViewCell.swift */,
			);
			path = Views;
			sourceTree = "<group>";
		};
		84DBD6372942963800AB1229 /* Models */ = {
			isa = PBXGroup;
			children = (
				84DBD63C29429D6C00AB1229 /* Constants.swift */,
				84DBD64229431A7100AB1229 /* SearchResults.swift */,
			);
			path = Models;
			sourceTree = "<group>";
		};
		84DBD6382942994400AB1229 /* Managers */ = {
			isa = PBXGroup;
			children = (
			);
			path = Managers;
			sourceTree = "<group>";
		};
		84DBD6392942997000AB1229 /* Resources */ = {
			isa = PBXGroup;
			children = (
				84DBD63A294299CF00AB1229 /* APICaller.swift */,
			);
			path = Resources;
			sourceTree = "<group>";
		};
		84DBD64729434BF800AB1229 /* Extensions */ = {
			isa = PBXGroup;
			children = (
				84DBD64829434C2300AB1229 /* UIViewControllerExt.swift */,
				841F7FCE2943F60600B4BE4B /* APICallerExt.swift */,
			);
			path = Extensions;
			sourceTree = "<group>";
		};
/* End PBXGroup section */

/* Begin PBXNativeTarget section */
		84DBD6192942960800AB1229 /* SimpleiOSApp */ = {
			isa = PBXNativeTarget;
			buildConfigurationList = 84DBD6312942960A00AB1229 /* Build configuration list for PBXNativeTarget "SimpleiOSApp" */;
			buildPhases = (
				84DBD6162942960800AB1229 /* Sources */,
				84DBD6172942960800AB1229 /* Frameworks */,
				84DBD6182942960800AB1229 /* Resources */,
			);
			buildRules = (
			);
			dependencies = (
			);
			name = SimpleiOSApp;
			packageProductDependencies = (
				841F7FD7294430E600B4BE4B /* SDWebImage */,
				841F7FD9294430E600B4BE4B /* SDWebImageMapKit */,
			);
			productName = SimpleiOSApp;
			productReference = 84DBD61A2942960800AB1229 /* SimpleiOSApp.app */;
			productType = "com.apple.product-type.application";
		};
/* End PBXNativeTarget section */

/* Begin PBXProject section */
		84DBD6122942960800AB1229 /* Project object */ = {
			isa = PBXProject;
			attributes = {
				BuildIndependentTargetsInParallel = 1;
				LastSwiftUpdateCheck = 1410;
				LastUpgradeCheck = 1410;
				TargetAttributes = {
					84DBD6192942960800AB1229 = {
						CreatedOnToolsVersion = 14.1;
					};
				};
			};
			buildConfigurationList = 84DBD6152942960800AB1229 /* Build configuration list for PBXProject "SimpleiOSApp" */;
			compatibilityVersion = "Xcode 14.0";
			developmentRegion = en;
			hasScannedForEncodings = 0;
			knownRegions = (
				en,
				Base,
			);
			mainGroup = 84DBD6112942960800AB1229;
			packageReferences = (
				841F7FD6294430E600B4BE4B /* XCRemoteSwiftPackageReference "SDWebImage" */,
			);
			productRefGroup = 84DBD61B2942960800AB1229 /* Products */;
			projectDirPath = "";
			projectRoot = "";
			targets = (
				84DBD6192942960800AB1229 /* SimpleiOSApp */,
			);
		};
/* End PBXProject section */

/* Begin PBXResourcesBuildPhase section */
		84DBD6182942960800AB1229 /* Resources */ = {
			isa = PBXResourcesBuildPhase;
			buildActionMask = 2147483647;
			files = (
				84DBD62D2942960A00AB1229 /* LaunchScreen.storyboard in Resources */,
				84DBD62A2942960A00AB1229 /* Assets.xcassets in Resources */,
			);
			runOnlyForDeploymentPostprocessing = 0;
		};
/* End PBXResourcesBuildPhase section */

/* Begin PBXSourcesBuildPhase section */
		84DBD6162942960800AB1229 /* Sources */ = {
			isa = PBXSourcesBuildPhase;
			buildActionMask = 2147483647;
			files = (
				84DBD6222942960800AB1229 /* MainViewController.swift in Sources */,
				84DBD61E2942960800AB1229 /* AppDelegate.swift in Sources */,
				841F7FD329442AFE00B4BE4B /* ResultsTableViewCell.swift in Sources */,
				841F7FDE2945637000B4BE4B /* DetailsHeaderView.swift in Sources */,
				84DBD64929434C2300AB1229 /* UIViewControllerExt.swift in Sources */,
				841F7FE02945690700B4BE4B /* DetailsTableViewCell.swift in Sources */,
				84DBD6202942960800AB1229 /* SceneDelegate.swift in Sources */,
				84DBD63B294299CF00AB1229 /* APICaller.swift in Sources */,
				841F7FCF2943F60600B4BE4B /* APICallerExt.swift in Sources */,
				841F7FC72943E8B600B4BE4B /* ResultsViewController.swift in Sources */,
				84DBD64329431A7100AB1229 /* SearchResults.swift in Sources */,
				84DBD6282942960900AB1229 /* SimpleiOSApp.xcdatamodeld in Sources */,
				84DBD63D29429D6C00AB1229 /* Constants.swift in Sources */,
				841F7FC92943E8C400B4BE4B /* DetailsViewController.swift in Sources */,
			);
			runOnlyForDeploymentPostprocessing = 0;
		};
/* End PBXSourcesBuildPhase section */

/* Begin PBXVariantGroup section */
		84DBD62B2942960A00AB1229 /* LaunchScreen.storyboard */ = {
			isa = PBXVariantGroup;
			children = (
				84DBD62C2942960A00AB1229 /* Base */,
			);
			name = LaunchScreen.storyboard;
			sourceTree = "<group>";
		};
/* End PBXVariantGroup section */

/* Begin XCBuildConfiguration section */
		84DBD62F2942960A00AB1229 /* Debug */ = {
			isa = XCBuildConfiguration;
			buildSettings = {
				ALWAYS_SEARCH_USER_PATHS = NO;
				CLANG_ANALYZER_NONNULL = YES;
				CLANG_ANALYZER_NUMBER_OBJECT_CONVERSION = YES_AGGRESSIVE;
				CLANG_CXX_LANGUAGE_STANDARD = "gnu++20";
				CLANG_ENABLE_MODULES = YES;
				CLANG_ENABLE_OBJC_ARC = YES;
				CLANG_ENABLE_OBJC_WEAK = YES;
				CLANG_WARN_BLOCK_CAPTURE_AUTORELEASING = YES;
				CLANG_WARN_BOOL_CONVERSION = YES;
				CLANG_WARN_COMMA = YES;
				CLANG_WARN_CONSTANT_CONVERSION = YES;
				CLANG_WARN_DEPRECATED_OBJC_IMPLEMENTATIONS = YES;
				CLANG_WARN_DIRECT_OBJC_ISA_USAGE = YES_ERROR;
				CLANG_WARN_DOCUMENTATION_COMMENTS = YES;
				CLANG_WARN_EMPTY_BODY = YES;
				CLANG_WARN_ENUM_CONVERSION = YES;
				CLANG_WARN_INFINITE_RECURSION = YES;
				CLANG_WARN_INT_CONVERSION = YES;
				CLANG_WARN_NON_LITERAL_NULL_CONVERSION = YES;
				CLANG_WARN_OBJC_IMPLICIT_RETAIN_SELF = YES;
				CLANG_WARN_OBJC_LITERAL_CONVERSION = YES;
				CLANG_WARN_OBJC_ROOT_CLASS = YES_ERROR;
				CLANG_WARN_QUOTED_INCLUDE_IN_FRAMEWORK_HEADER = YES;
				CLANG_WARN_RANGE_LOOP_ANALYSIS = YES;
				CLANG_WARN_STRICT_PROTOTYPES = YES;
				CLANG_WARN_SUSPICIOUS_MOVE = YES;
				CLANG_WARN_UNGUARDED_AVAILABILITY = YES_AGGRESSIVE;
				CLANG_WARN_UNREACHABLE_CODE = YES;
				CLANG_WARN__DUPLICATE_METHOD_MATCH = YES;
				COPY_PHASE_STRIP = NO;
				DEBUG_INFORMATION_FORMAT = dwarf;
				ENABLE_STRICT_OBJC_MSGSEND = YES;
				ENABLE_TESTABILITY = YES;
				GCC_C_LANGUAGE_STANDARD = gnu11;
				GCC_DYNAMIC_NO_PIC = NO;
				GCC_NO_COMMON_BLOCKS = YES;
				GCC_OPTIMIZATION_LEVEL = 0;
				GCC_PREPROCESSOR_DEFINITIONS = (
					"DEBUG=1",
					"$(inherited)",
				);
				GCC_WARN_64_TO_32_BIT_CONVERSION = YES;
				GCC_WARN_ABOUT_RETURN_TYPE = YES_ERROR;
				GCC_WARN_UNDECLARED_SELECTOR = YES;
				GCC_WARN_UNINITIALIZED_AUTOS = YES_AGGRESSIVE;
				GCC_WARN_UNUSED_FUNCTION = YES;
				GCC_WARN_UNUSED_VARIABLE = YES;
				IPHONEOS_DEPLOYMENT_TARGET = 16.1;
				MTL_ENABLE_DEBUG_INFO = INCLUDE_SOURCE;
				MTL_FAST_MATH = YES;
				ONLY_ACTIVE_ARCH = YES;
				SDKROOT = iphoneos;
				SWIFT_ACTIVE_COMPILATION_CONDITIONS = DEBUG;
				SWIFT_OPTIMIZATION_LEVEL = "-Onone";
			};
			name = Debug;
		};
		84DBD6302942960A00AB1229 /* Release */ = {
			isa = XCBuildConfiguration;
			buildSettings = {
				ALWAYS_SEARCH_USER_PATHS = NO;
				CLANG_ANALYZER_NONNULL = YES;
				CLANG_ANALYZER_NUMBER_OBJECT_CONVERSION = YES_AGGRESSIVE;
				CLANG_CXX_LANGUAGE_STANDARD = "gnu++20";
				CLANG_ENABLE_MODULES = YES;
				CLANG_ENABLE_OBJC_ARC = YES;
				CLANG_ENABLE_OBJC_WEAK = YES;
				CLANG_WARN_BLOCK_CAPTURE_AUTORELEASING = YES;
				CLANG_WARN_BOOL_CONVERSION = YES;
				CLANG_WARN_COMMA = YES;
				CLANG_WARN_CONSTANT_CONVERSION = YES;
				CLANG_WARN_DEPRECATED_OBJC_IMPLEMENTATIONS = YES;
				CLANG_WARN_DIRECT_OBJC_ISA_USAGE = YES_ERROR;
				CLANG_WARN_DOCUMENTATION_COMMENTS = YES;
				CLANG_WARN_EMPTY_BODY = YES;
				CLANG_WARN_ENUM_CONVERSION = YES;
				CLANG_WARN_INFINITE_RECURSION = YES;
				CLANG_WARN_INT_CONVERSION = YES;
				CLANG_WARN_NON_LITERAL_NULL_CONVERSION = YES;
				CLANG_WARN_OBJC_IMPLICIT_RETAIN_SELF = YES;
				CLANG_WARN_OBJC_LITERAL_CONVERSION = YES;
				CLANG_WARN_OBJC_ROOT_CLASS = YES_ERROR;
				CLANG_WARN_QUOTED_INCLUDE_IN_FRAMEWORK_HEADER = YES;
				CLANG_WARN_RANGE_LOOP_ANALYSIS = YES;
				CLANG_WARN_STRICT_PROTOTYPES = YES;
				CLANG_WARN_SUSPICIOUS_MOVE = YES;
				CLANG_WARN_UNGUARDED_AVAILABILITY = YES_AGGRESSIVE;
				CLANG_WARN_UNREACHABLE_CODE = YES;
				CLANG_WARN__DUPLICATE_METHOD_MATCH = YES;
				COPY_PHASE_STRIP = NO;
				DEBUG_INFORMATION_FORMAT = "dwarf-with-dsym";
				ENABLE_NS_ASSERTIONS = NO;
				ENABLE_STRICT_OBJC_MSGSEND = YES;
				GCC_C_LANGUAGE_STANDARD = gnu11;
				GCC_NO_COMMON_BLOCKS = YES;
				GCC_WARN_64_TO_32_BIT_CONVERSION = YES;
				GCC_WARN_ABOUT_RETURN_TYPE = YES_ERROR;
				GCC_WARN_UNDECLARED_SELECTOR = YES;
				GCC_WARN_UNINITIALIZED_AUTOS = YES_AGGRESSIVE;
				GCC_WARN_UNUSED_FUNCTION = YES;
				GCC_WARN_UNUSED_VARIABLE = YES;
				IPHONEOS_DEPLOYMENT_TARGET = 16.1;
				MTL_ENABLE_DEBUG_INFO = NO;
				MTL_FAST_MATH = YES;
				SDKROOT = iphoneos;
				SWIFT_COMPILATION_MODE = wholemodule;
				SWIFT_OPTIMIZATION_LEVEL = "-O";
				VALIDATE_PRODUCT = YES;
			};
			name = Release;
		};
		84DBD6322942960A00AB1229 /* Debug */ = {
			isa = XCBuildConfiguration;
			buildSettings = {
				ASSETCATALOG_COMPILER_APPICON_NAME = AppIcon;
				ASSETCATALOG_COMPILER_GLOBAL_ACCENT_COLOR_NAME = AccentColor;
				CODE_SIGN_STYLE = Automatic;
				CURRENT_PROJECT_VERSION = 1;
				DEVELOPMENT_TEAM = 2D8LVDKBG6;
				GENERATE_INFOPLIST_FILE = YES;
				INFOPLIST_FILE = SimpleiOSApp/Info.plist;
				INFOPLIST_KEY_UIApplicationSupportsIndirectInputEvents = YES;
				INFOPLIST_KEY_UILaunchStoryboardName = LaunchScreen;
				INFOPLIST_KEY_UISupportedInterfaceOrientations_iPad = "UIInterfaceOrientationPortrait UIInterfaceOrientationPortraitUpsideDown UIInterfaceOrientationLandscapeLeft UIInterfaceOrientationLandscapeRight";
				INFOPLIST_KEY_UISupportedInterfaceOrientations_iPhone = "UIInterfaceOrientationPortrait UIInterfaceOrientationLandscapeLeft UIInterfaceOrientationLandscapeRight";
				LD_RUNPATH_SEARCH_PATHS = (
					"$(inherited)",
					"@executable_path/Frameworks",
				);
				MARKETING_VERSION = 1.0;
				PRODUCT_BUNDLE_IDENTIFIER = com.sgbc.SimpleiOSApp;
				PRODUCT_NAME = "$(TARGET_NAME)";
				SWIFT_EMIT_LOC_STRINGS = YES;
				SWIFT_VERSION = 5.0;
				TARGETED_DEVICE_FAMILY = "1,2";
			};
			name = Debug;
		};
		84DBD6332942960A00AB1229 /* Release */ = {
			isa = XCBuildConfiguration;
			buildSettings = {
				ASSETCATALOG_COMPILER_APPICON_NAME = AppIcon;
				ASSETCATALOG_COMPILER_GLOBAL_ACCENT_COLOR_NAME = AccentColor;
				CODE_SIGN_STYLE = Automatic;
				CURRENT_PROJECT_VERSION = 1;
				DEVELOPMENT_TEAM = 2D8LVDKBG6;
				GENERATE_INFOPLIST_FILE = YES;
				INFOPLIST_FILE = SimpleiOSApp/Info.plist;
				INFOPLIST_KEY_UIApplicationSupportsIndirectInputEvents = YES;
				INFOPLIST_KEY_UILaunchStoryboardName = LaunchScreen;
				INFOPLIST_KEY_UISupportedInterfaceOrientations_iPad = "UIInterfaceOrientationPortrait UIInterfaceOrientationPortraitUpsideDown UIInterfaceOrientationLandscapeLeft UIInterfaceOrientationLandscapeRight";
				INFOPLIST_KEY_UISupportedInterfaceOrientations_iPhone = "UIInterfaceOrientationPortrait UIInterfaceOrientationLandscapeLeft UIInterfaceOrientationLandscapeRight";
				LD_RUNPATH_SEARCH_PATHS = (
					"$(inherited)",
					"@executable_path/Frameworks",
				);
				MARKETING_VERSION = 1.0;
				PRODUCT_BUNDLE_IDENTIFIER = com.sgbc.SimpleiOSApp;
				PRODUCT_NAME = "$(TARGET_NAME)";
				SWIFT_EMIT_LOC_STRINGS = YES;
				SWIFT_VERSION = 5.0;
				TARGETED_DEVICE_FAMILY = "1,2";
			};
			name = Release;
		};
/* End XCBuildConfiguration section */

/* Begin XCConfigurationList section */
		84DBD6152942960800AB1229 /* Build configuration list for PBXProject "SimpleiOSApp" */ = {
			isa = XCConfigurationList;
			buildConfigurations = (
				84DBD62F2942960A00AB1229 /* Debug */,
				84DBD6302942960A00AB1229 /* Release */,
			);
			defaultConfigurationIsVisible = 0;
			defaultConfigurationName = Release;
		};
		84DBD6312942960A00AB1229 /* Build configuration list for PBXNativeTarget "SimpleiOSApp" */ = {
			isa = XCConfigurationList;
			buildConfigurations = (
				84DBD6322942960A00AB1229 /* Debug */,
				84DBD6332942960A00AB1229 /* Release */,
			);
			defaultConfigurationIsVisible = 0;
			defaultConfigurationName = Release;
		};
/* End XCConfigurationList section */

/* Begin XCRemoteSwiftPackageReference section */
		841F7FD6294430E600B4BE4B /* XCRemoteSwiftPackageReference "SDWebImage" */ = {
			isa = XCRemoteSwiftPackageReference;
			repositoryURL = "https://github.com/SDWebImage/SDWebImage.git";
			requirement = {
				branch = master;
				kind = branch;
			};
		};
/* End XCRemoteSwiftPackageReference section */

/* Begin XCSwiftPackageProductDependency section */
		841F7FD7294430E600B4BE4B /* SDWebImage */ = {
			isa = XCSwiftPackageProductDependency;
			package = 841F7FD6294430E600B4BE4B /* XCRemoteSwiftPackageReference "SDWebImage" */;
			productName = SDWebImage;
		};
		841F7FD9294430E600B4BE4B /* SDWebImageMapKit */ = {
			isa = XCSwiftPackageProductDependency;
			package = 841F7FD6294430E600B4BE4B /* XCRemoteSwiftPackageReference "SDWebImage" */;
			productName = SDWebImageMapKit;
		};
/* End XCSwiftPackageProductDependency section */

/* Begin XCVersionGroup section */
		84DBD6262942960900AB1229 /* SimpleiOSApp.xcdatamodeld */ = {
			isa = XCVersionGroup;
			children = (
				84DBD6272942960900AB1229 /* SimpleiOSApp.xcdatamodel */,
			);
			currentVersion = 84DBD6272942960900AB1229 /* SimpleiOSApp.xcdatamodel */;
			path = SimpleiOSApp.xcdatamodeld;
			sourceTree = "<group>";
			versionGroupType = wrapper.xcdatamodel;
		};
/* End XCVersionGroup section */
	};
	rootObject = 84DBD6122942960800AB1229 /* Project object */;
}
